
Microsoft Visual Studio Solution File, Format Version 12.00
# Visual Studio Version 17
VisualStudioVersion = 17.2.32630.192
MinimumVisualStudioVersion = 10.0.40219.1
Project("{FAE04EC0-301F-11D3-BF4B-00C04F79EFBC}") = "Shopping Program", "Shopping Program.csproj", "{9F1CF513-A29F-4C44-8422-CA059626E351}"
EndProject
Global
	GlobalSection(SolutionConfigurationPlatforms) = preSolution
		Debug|Any CPU = Debug|Any CPU
		Release|Any CPU = Release|Any CPU
	EndGlobalSection
	GlobalSection(ProjectConfigurationPlatforms) = postSolution
		{9F1CF513-A29F-4C44-8422-CA059626E351}.Debug|Any CPU.ActiveCfg = Debug|Any CPU
		{9F1CF513-A29F-4C44-8422-CA059626E351}.Debug|Any CPU.Build.0 = Debug|Any CPU
		{9F1CF513-A29F-4C44-8422-CA059626E351}.Release|Any CPU.ActiveCfg = Release|Any CPU
		{9F1CF513-A29F-4C44-8422-CA059626E351}.Release|Any CPU.Build.0 = Release|Any CPU
	EndGlobalSection
	GlobalSection(SolutionProperties) = preSolution
		HideSolutionNode = FALSE
	EndGlobalSection
	GlobalSection(ExtensibilityGlobals) = postSolution
		SolutionGuid = {24DF4F5A-8451-4079-8993-B79E3EBBB531}
	EndGlobalSection
EndGlobal
